// !$*UTF8*$!
{
	archiveVersion = 1;
	classes = {
	};
	objectVersion = 56;
	objects = {

/* Begin PBXBuildFile section */
		35FB878C4910785280653742 /* Pods_WatchWise_WatchWiseUITests.framework in Frameworks */ = {isa = PBXBuildFile; fileRef = BF2CD3A0E4816C811EA020C5 /* Pods_WatchWise_WatchWiseUITests.framework */; };
		997BEC852738F815AD416AB6 /* Pods_WatchWiseTests.framework in Frameworks */ = {isa = PBXBuildFile; fileRef = EDCD4E15E36954A81010F71A /* Pods_WatchWiseTests.framework */; };
		B91FFEF52A8D3BEA005C15EF /* HomeView.swift in Sources */ = {isa = PBXBuildFile; fileRef = B91FFEF42A8D3BEA005C15EF /* HomeView.swift */; };
		B91FFEF82A8D3D3C005C15EF /* Kingfisher in Frameworks */ = {isa = PBXBuildFile; productRef = B91FFEF72A8D3D3C005C15EF /* Kingfisher */; };
		B92212582A90B56C00AFFB9C /* HomeNavigationView.swift in Sources */ = {isa = PBXBuildFile; fileRef = B92212572A90B56C00AFFB9C /* HomeNavigationView.swift */; };
		B922125A2A90B57E00AFFB9C /* FeedView.swift in Sources */ = {isa = PBXBuildFile; fileRef = B92212592A90B57E00AFFB9C /* FeedView.swift */; };
		B922125C2A90B59000AFFB9C /* SearchView.swift in Sources */ = {isa = PBXBuildFile; fileRef = B922125B2A90B59000AFFB9C /* SearchView.swift */; };
		B922125E2A90B59D00AFFB9C /* EpisodesView.swift in Sources */ = {isa = PBXBuildFile; fileRef = B922125D2A90B59D00AFFB9C /* EpisodesView.swift */; };
		B92212622A90B5C000AFFB9C /* ProfileView.swift in Sources */ = {isa = PBXBuildFile; fileRef = B92212612A90B5C000AFFB9C /* ProfileView.swift */; };
		B92212652A90E01300AFFB9C /* APIConstants.swift in Sources */ = {isa = PBXBuildFile; fileRef = B92212642A90E01300AFFB9C /* APIConstants.swift */; };
		B92212672A90E04A00AFFB9C /* APIRouter.swift in Sources */ = {isa = PBXBuildFile; fileRef = B92212662A90E04A00AFFB9C /* APIRouter.swift */; };
		B92212692A90E15400AFFB9C /* APIService.swift in Sources */ = {isa = PBXBuildFile; fileRef = B92212682A90E15400AFFB9C /* APIService.swift */; };
		B922126C2A90E20300AFFB9C /* Movie.swift in Sources */ = {isa = PBXBuildFile; fileRef = B922126B2A90E20300AFFB9C /* Movie.swift */; };
		B922126E2A90E68A00AFFB9C /* APIManager.swift in Sources */ = {isa = PBXBuildFile; fileRef = B922126D2A90E68A00AFFB9C /* APIManager.swift */; };
		B92212702A90FBC400AFFB9C /* DiscoverMoviesResponse.swift in Sources */ = {isa = PBXBuildFile; fileRef = B922126F2A90FBC400AFFB9C /* DiscoverMoviesResponse.swift */; };
		B92212732A910E4700AFFB9C /* MovieDetailsView.swift in Sources */ = {isa = PBXBuildFile; fileRef = B92212722A910E4700AFFB9C /* MovieDetailsView.swift */; };
		B936CA722A927A62001F4908 /* CompleteRegistrationView.swift in Sources */ = {isa = PBXBuildFile; fileRef = B936CA712A927A62001F4908 /* CompleteRegistrationView.swift */; };
		B936CA752A929D44001F4908 /* AuthManager.swift in Sources */ = {isa = PBXBuildFile; fileRef = B936CA742A929D44001F4908 /* AuthManager.swift */; };
		B936CA772A929F77001F4908 /* SplashScreen.swift in Sources */ = {isa = PBXBuildFile; fileRef = B936CA762A929F77001F4908 /* SplashScreen.swift */; };
		B973F5112A936D8B00AB7DC8 /* AuthenticatedView.swift in Sources */ = {isa = PBXBuildFile; fileRef = B973F5102A936D8A00AB7DC8 /* AuthenticatedView.swift */; };
		B973F5132A936DC700AB7DC8 /* AuthenticationView.swift in Sources */ = {isa = PBXBuildFile; fileRef = B973F5122A936DC700AB7DC8 /* AuthenticationView.swift */; };
		B98DE9902A8BCFFD0076F379 /* LoginView.swift in Sources */ = {isa = PBXBuildFile; fileRef = B98DE98F2A8BCFFD0076F379 /* LoginView.swift */; };
		B9AAAE252A92211200226A35 /* ToggleableSecureField.swift in Sources */ = {isa = PBXBuildFile; fileRef = B9AAAE242A92211200226A35 /* ToggleableSecureField.swift */; };
		B9AAAE272A92214E00226A35 /* ClearableTextField.swift in Sources */ = {isa = PBXBuildFile; fileRef = B9AAAE262A92214E00226A35 /* ClearableTextField.swift */; };
		B9AAAE292A92234400226A35 /* EmailRegistrationView.swift in Sources */ = {isa = PBXBuildFile; fileRef = B9AAAE282A92234400226A35 /* EmailRegistrationView.swift */; };
		B9F2B1382A8B867A00B18E44 /* WatchWiseApp.swift in Sources */ = {isa = PBXBuildFile; fileRef = B9F2B1372A8B867A00B18E44 /* WatchWiseApp.swift */; };
		B9F2B13C2A8B867F00B18E44 /* Assets.xcassets in Resources */ = {isa = PBXBuildFile; fileRef = B9F2B13B2A8B867F00B18E44 /* Assets.xcassets */; };
		B9F2B13F2A8B867F00B18E44 /* Preview Assets.xcassets in Resources */ = {isa = PBXBuildFile; fileRef = B9F2B13E2A8B867F00B18E44 /* Preview Assets.xcassets */; };
		B9F2B14B2A8B867F00B18E44 /* WatchWiseTests.swift in Sources */ = {isa = PBXBuildFile; fileRef = B9F2B14A2A8B867F00B18E44 /* WatchWiseTests.swift */; };
		B9F2B1552A8B867F00B18E44 /* WatchWiseUITests.swift in Sources */ = {isa = PBXBuildFile; fileRef = B9F2B1542A8B867F00B18E44 /* WatchWiseUITests.swift */; };
		B9F2B1572A8B867F00B18E44 /* WatchWiseUITestsLaunchTests.swift in Sources */ = {isa = PBXBuildFile; fileRef = B9F2B1562A8B867F00B18E44 /* WatchWiseUITestsLaunchTests.swift */; };
		B9F2B1642A8B86BD00B18E44 /* GoogleService-Info.plist in Resources */ = {isa = PBXBuildFile; fileRef = B9F2B1632A8B86BD00B18E44 /* GoogleService-Info.plist */; };
		B9F2B1652A8B86BD00B18E44 /* GoogleService-Info.plist in Resources */ = {isa = PBXBuildFile; fileRef = B9F2B1632A8B86BD00B18E44 /* GoogleService-Info.plist */; };
		B9F2B1662A8B86BD00B18E44 /* GoogleService-Info.plist in Resources */ = {isa = PBXBuildFile; fileRef = B9F2B1632A8B86BD00B18E44 /* GoogleService-Info.plist */; };
		B9F2B16A2A8B8B9B00B18E44 /* FirebaseAnalytics in Frameworks */ = {isa = PBXBuildFile; productRef = B9F2B1692A8B8B9B00B18E44 /* FirebaseAnalytics */; };
		B9F2B16C2A8B8B9B00B18E44 /* FirebaseAuth in Frameworks */ = {isa = PBXBuildFile; productRef = B9F2B16B2A8B8B9B00B18E44 /* FirebaseAuth */; };
		B9F2B16E2A8B8B9B00B18E44 /* FirebaseCrashlytics in Frameworks */ = {isa = PBXBuildFile; productRef = B9F2B16D2A8B8B9B00B18E44 /* FirebaseCrashlytics */; };
		B9F2B1702A8B8B9B00B18E44 /* FirebaseDatabase in Frameworks */ = {isa = PBXBuildFile; productRef = B9F2B16F2A8B8B9B00B18E44 /* FirebaseDatabase */; };
		B9F2B1722A8B8B9B00B18E44 /* FirebaseDatabaseSwift in Frameworks */ = {isa = PBXBuildFile; productRef = B9F2B1712A8B8B9B00B18E44 /* FirebaseDatabaseSwift */; };
		B9F2B1742A8B8B9B00B18E44 /* FirebaseFirestore in Frameworks */ = {isa = PBXBuildFile; productRef = B9F2B1732A8B8B9B00B18E44 /* FirebaseFirestore */; };
		B9F2B1762A8B8B9B00B18E44 /* FirebaseFirestoreCombine-Community in Frameworks */ = {isa = PBXBuildFile; productRef = B9F2B1752A8B8B9B00B18E44 /* FirebaseFirestoreCombine-Community */; };
		B9F2B1782A8B8B9B00B18E44 /* FirebaseFirestoreSwift in Frameworks */ = {isa = PBXBuildFile; productRef = B9F2B1772A8B8B9B00B18E44 /* FirebaseFirestoreSwift */; };
		B9F2B17A2A8B8B9B00B18E44 /* FirebaseFunctions in Frameworks */ = {isa = PBXBuildFile; productRef = B9F2B1792A8B8B9B00B18E44 /* FirebaseFunctions */; };
		B9F2B17C2A8B8B9B00B18E44 /* FirebaseFunctionsCombine-Community in Frameworks */ = {isa = PBXBuildFile; productRef = B9F2B17B2A8B8B9B00B18E44 /* FirebaseFunctionsCombine-Community */; };
		B9F2B17E2A8B8B9B00B18E44 /* FirebaseInAppMessaging-Beta in Frameworks */ = {isa = PBXBuildFile; productRef = B9F2B17D2A8B8B9B00B18E44 /* FirebaseInAppMessaging-Beta */; };
		B9F2B1802A8B8B9B00B18E44 /* FirebaseInAppMessagingSwift-Beta in Frameworks */ = {isa = PBXBuildFile; productRef = B9F2B17F2A8B8B9B00B18E44 /* FirebaseInAppMessagingSwift-Beta */; };
		B9F2B1822A8B8B9B00B18E44 /* FirebaseInstallations in Frameworks */ = {isa = PBXBuildFile; productRef = B9F2B1812A8B8B9B00B18E44 /* FirebaseInstallations */; };
		B9F2B1842A8B8B9B00B18E44 /* FirebaseMLModelDownloader in Frameworks */ = {isa = PBXBuildFile; productRef = B9F2B1832A8B8B9B00B18E44 /* FirebaseMLModelDownloader */; };
		B9F2B1862A8B8B9B00B18E44 /* FirebaseMessaging in Frameworks */ = {isa = PBXBuildFile; productRef = B9F2B1852A8B8B9B00B18E44 /* FirebaseMessaging */; };
		B9F2B1882A8B8B9B00B18E44 /* FirebaseStorage in Frameworks */ = {isa = PBXBuildFile; productRef = B9F2B1872A8B8B9B00B18E44 /* FirebaseStorage */; };
		B9F2B18A2A8B8B9B00B18E44 /* FirebaseStorageCombine-Community in Frameworks */ = {isa = PBXBuildFile; productRef = B9F2B1892A8B8B9B00B18E44 /* FirebaseStorageCombine-Community */; };
		DC805A82EF0A7B4966DA50B1 /* Pods_WatchWise.framework in Frameworks */ = {isa = PBXBuildFile; fileRef = 57795A70F06874F1753D612E /* Pods_WatchWise.framework */; };
/* End PBXBuildFile section */

/* Begin PBXContainerItemProxy section */
		B9F2B1472A8B867F00B18E44 /* PBXContainerItemProxy */ = {
			isa = PBXContainerItemProxy;
			containerPortal = B9F2B12C2A8B867A00B18E44 /* Project object */;
			proxyType = 1;
			remoteGlobalIDString = B9F2B1332A8B867A00B18E44;
			remoteInfo = WatchWise;
		};
		B9F2B1512A8B867F00B18E44 /* PBXContainerItemProxy */ = {
			isa = PBXContainerItemProxy;
			containerPortal = B9F2B12C2A8B867A00B18E44 /* Project object */;
			proxyType = 1;
			remoteGlobalIDString = B9F2B1332A8B867A00B18E44;
			remoteInfo = WatchWise;
		};
/* End PBXContainerItemProxy section */

/* Begin PBXFileReference section */
		1198DFA3BFF0229B15EDD988 /* Pods-WatchWise.release.xcconfig */ = {isa = PBXFileReference; includeInIndex = 1; lastKnownFileType = text.xcconfig; name = "Pods-WatchWise.release.xcconfig"; path = "Target Support Files/Pods-WatchWise/Pods-WatchWise.release.xcconfig"; sourceTree = "<group>"; };
		4C6F31A77B1FD0BA2BE26426 /* Pods-WatchWise.debug.xcconfig */ = {isa = PBXFileReference; includeInIndex = 1; lastKnownFileType = text.xcconfig; name = "Pods-WatchWise.debug.xcconfig"; path = "Target Support Files/Pods-WatchWise/Pods-WatchWise.debug.xcconfig"; sourceTree = "<group>"; };
		57795A70F06874F1753D612E /* Pods_WatchWise.framework */ = {isa = PBXFileReference; explicitFileType = wrapper.framework; includeInIndex = 0; path = Pods_WatchWise.framework; sourceTree = BUILT_PRODUCTS_DIR; };
		8093A0428160055D22BAB237 /* Pods-WatchWiseTests.release.xcconfig */ = {isa = PBXFileReference; includeInIndex = 1; lastKnownFileType = text.xcconfig; name = "Pods-WatchWiseTests.release.xcconfig"; path = "Target Support Files/Pods-WatchWiseTests/Pods-WatchWiseTests.release.xcconfig"; sourceTree = "<group>"; };
		85DD1888EA51BD629C67FE6A /* Pods-WatchWise-WatchWiseUITests.debug.xcconfig */ = {isa = PBXFileReference; includeInIndex = 1; lastKnownFileType = text.xcconfig; name = "Pods-WatchWise-WatchWiseUITests.debug.xcconfig"; path = "Target Support Files/Pods-WatchWise-WatchWiseUITests/Pods-WatchWise-WatchWiseUITests.debug.xcconfig"; sourceTree = "<group>"; };
		ADE556216E1FB05C5D171D8B /* Pods-WatchWiseTests.debug.xcconfig */ = {isa = PBXFileReference; includeInIndex = 1; lastKnownFileType = text.xcconfig; name = "Pods-WatchWiseTests.debug.xcconfig"; path = "Target Support Files/Pods-WatchWiseTests/Pods-WatchWiseTests.debug.xcconfig"; sourceTree = "<group>"; };
		B91FFEF42A8D3BEA005C15EF /* HomeView.swift */ = {isa = PBXFileReference; lastKnownFileType = sourcecode.swift; path = HomeView.swift; sourceTree = "<group>"; };
		B92212572A90B56C00AFFB9C /* HomeNavigationView.swift */ = {isa = PBXFileReference; lastKnownFileType = sourcecode.swift; path = HomeNavigationView.swift; sourceTree = "<group>"; };
		B92212592A90B57E00AFFB9C /* FeedView.swift */ = {isa = PBXFileReference; lastKnownFileType = sourcecode.swift; path = FeedView.swift; sourceTree = "<group>"; };
		B922125B2A90B59000AFFB9C /* SearchView.swift */ = {isa = PBXFileReference; lastKnownFileType = sourcecode.swift; path = SearchView.swift; sourceTree = "<group>"; };
		B922125D2A90B59D00AFFB9C /* EpisodesView.swift */ = {isa = PBXFileReference; lastKnownFileType = sourcecode.swift; path = EpisodesView.swift; sourceTree = "<group>"; };
		B92212612A90B5C000AFFB9C /* ProfileView.swift */ = {isa = PBXFileReference; lastKnownFileType = sourcecode.swift; path = ProfileView.swift; sourceTree = "<group>"; };
		B92212642A90E01300AFFB9C /* APIConstants.swift */ = {isa = PBXFileReference; lastKnownFileType = sourcecode.swift; path = APIConstants.swift; sourceTree = "<group>"; };
		B92212662A90E04A00AFFB9C /* APIRouter.swift */ = {isa = PBXFileReference; lastKnownFileType = sourcecode.swift; path = APIRouter.swift; sourceTree = "<group>"; };
		B92212682A90E15400AFFB9C /* APIService.swift */ = {isa = PBXFileReference; lastKnownFileType = sourcecode.swift; path = APIService.swift; sourceTree = "<group>"; };
		B922126B2A90E20300AFFB9C /* Movie.swift */ = {isa = PBXFileReference; lastKnownFileType = sourcecode.swift; path = Movie.swift; sourceTree = "<group>"; };
		B922126D2A90E68A00AFFB9C /* APIManager.swift */ = {isa = PBXFileReference; lastKnownFileType = sourcecode.swift; path = APIManager.swift; sourceTree = "<group>"; };
		B922126F2A90FBC400AFFB9C /* DiscoverMoviesResponse.swift */ = {isa = PBXFileReference; lastKnownFileType = sourcecode.swift; path = DiscoverMoviesResponse.swift; sourceTree = "<group>"; };
		B92212722A910E4700AFFB9C /* MovieDetailsView.swift */ = {isa = PBXFileReference; lastKnownFileType = sourcecode.swift; path = MovieDetailsView.swift; sourceTree = "<group>"; };
		B936CA712A927A62001F4908 /* CompleteRegistrationView.swift */ = {isa = PBXFileReference; lastKnownFileType = sourcecode.swift; path = CompleteRegistrationView.swift; sourceTree = "<group>"; };
		B936CA742A929D44001F4908 /* AuthManager.swift */ = {isa = PBXFileReference; lastKnownFileType = sourcecode.swift; path = AuthManager.swift; sourceTree = "<group>"; };
		B936CA762A929F77001F4908 /* SplashScreen.swift */ = {isa = PBXFileReference; lastKnownFileType = sourcecode.swift; path = SplashScreen.swift; sourceTree = "<group>"; };
		B973F5102A936D8A00AB7DC8 /* AuthenticatedView.swift */ = {isa = PBXFileReference; lastKnownFileType = sourcecode.swift; path = AuthenticatedView.swift; sourceTree = "<group>"; };
		B973F5122A936DC700AB7DC8 /* AuthenticationView.swift */ = {isa = PBXFileReference; lastKnownFileType = sourcecode.swift; path = AuthenticationView.swift; sourceTree = "<group>"; };
		B98DE98F2A8BCFFD0076F379 /* LoginView.swift */ = {isa = PBXFileReference; lastKnownFileType = sourcecode.swift; path = LoginView.swift; sourceTree = "<group>"; };
		B9AAAE242A92211200226A35 /* ToggleableSecureField.swift */ = {isa = PBXFileReference; lastKnownFileType = sourcecode.swift; path = ToggleableSecureField.swift; sourceTree = "<group>"; };
		B9AAAE262A92214E00226A35 /* ClearableTextField.swift */ = {isa = PBXFileReference; lastKnownFileType = sourcecode.swift; path = ClearableTextField.swift; sourceTree = "<group>"; };
		B9AAAE282A92234400226A35 /* EmailRegistrationView.swift */ = {isa = PBXFileReference; lastKnownFileType = sourcecode.swift; path = EmailRegistrationView.swift; sourceTree = "<group>"; };
		B9F2B1342A8B867A00B18E44 /* WatchWise.app */ = {isa = PBXFileReference; explicitFileType = wrapper.application; includeInIndex = 0; path = WatchWise.app; sourceTree = BUILT_PRODUCTS_DIR; };
		B9F2B1372A8B867A00B18E44 /* WatchWiseApp.swift */ = {isa = PBXFileReference; lastKnownFileType = sourcecode.swift; path = WatchWiseApp.swift; sourceTree = "<group>"; };
		B9F2B13B2A8B867F00B18E44 /* Assets.xcassets */ = {isa = PBXFileReference; lastKnownFileType = folder.assetcatalog; path = Assets.xcassets; sourceTree = "<group>"; };
		B9F2B13E2A8B867F00B18E44 /* Preview Assets.xcassets */ = {isa = PBXFileReference; lastKnownFileType = folder.assetcatalog; path = "Preview Assets.xcassets"; sourceTree = "<group>"; };
		B9F2B1462A8B867F00B18E44 /* WatchWiseTests.xctest */ = {isa = PBXFileReference; explicitFileType = wrapper.cfbundle; includeInIndex = 0; path = WatchWiseTests.xctest; sourceTree = BUILT_PRODUCTS_DIR; };
		B9F2B14A2A8B867F00B18E44 /* WatchWiseTests.swift */ = {isa = PBXFileReference; lastKnownFileType = sourcecode.swift; path = WatchWiseTests.swift; sourceTree = "<group>"; };
		B9F2B1502A8B867F00B18E44 /* WatchWiseUITests.xctest */ = {isa = PBXFileReference; explicitFileType = wrapper.cfbundle; includeInIndex = 0; path = WatchWiseUITests.xctest; sourceTree = BUILT_PRODUCTS_DIR; };
		B9F2B1542A8B867F00B18E44 /* WatchWiseUITests.swift */ = {isa = PBXFileReference; lastKnownFileType = sourcecode.swift; path = WatchWiseUITests.swift; sourceTree = "<group>"; };
		B9F2B1562A8B867F00B18E44 /* WatchWiseUITestsLaunchTests.swift */ = {isa = PBXFileReference; lastKnownFileType = sourcecode.swift; path = WatchWiseUITestsLaunchTests.swift; sourceTree = "<group>"; };
		B9F2B1632A8B86BD00B18E44 /* GoogleService-Info.plist */ = {isa = PBXFileReference; fileEncoding = 4; lastKnownFileType = text.plist.xml; name = "GoogleService-Info.plist"; path = "../../../../../Downloads/GoogleService-Info.plist"; sourceTree = "<group>"; };
		BF2CD3A0E4816C811EA020C5 /* Pods_WatchWise_WatchWiseUITests.framework */ = {isa = PBXFileReference; explicitFileType = wrapper.framework; includeInIndex = 0; path = Pods_WatchWise_WatchWiseUITests.framework; sourceTree = BUILT_PRODUCTS_DIR; };
		EDCD4E15E36954A81010F71A /* Pods_WatchWiseTests.framework */ = {isa = PBXFileReference; explicitFileType = wrapper.framework; includeInIndex = 0; path = Pods_WatchWiseTests.framework; sourceTree = BUILT_PRODUCTS_DIR; };
		FD1F46C49F246AD6B821A1BA /* Pods-WatchWise-WatchWiseUITests.release.xcconfig */ = {isa = PBXFileReference; includeInIndex = 1; lastKnownFileType = text.xcconfig; name = "Pods-WatchWise-WatchWiseUITests.release.xcconfig"; path = "Target Support Files/Pods-WatchWise-WatchWiseUITests/Pods-WatchWise-WatchWiseUITests.release.xcconfig"; sourceTree = "<group>"; };
/* End PBXFileReference section */

/* Begin PBXFrameworksBuildPhase section */
		B9F2B1312A8B867A00B18E44 /* Frameworks */ = {
			isa = PBXFrameworksBuildPhase;
			buildActionMask = 2147483647;
			files = (
				B9F2B1722A8B8B9B00B18E44 /* FirebaseDatabaseSwift in Frameworks */,
				B9F2B16E2A8B8B9B00B18E44 /* FirebaseCrashlytics in Frameworks */,
				B9F2B1822A8B8B9B00B18E44 /* FirebaseInstallations in Frameworks */,
				B9F2B16A2A8B8B9B00B18E44 /* FirebaseAnalytics in Frameworks */,
				B9F2B17C2A8B8B9B00B18E44 /* FirebaseFunctionsCombine-Community in Frameworks */,
				B9F2B1882A8B8B9B00B18E44 /* FirebaseStorage in Frameworks */,
				B9F2B18A2A8B8B9B00B18E44 /* FirebaseStorageCombine-Community in Frameworks */,
				B9F2B17A2A8B8B9B00B18E44 /* FirebaseFunctions in Frameworks */,
				B9F2B1702A8B8B9B00B18E44 /* FirebaseDatabase in Frameworks */,
				B9F2B17E2A8B8B9B00B18E44 /* FirebaseInAppMessaging-Beta in Frameworks */,
				B9F2B16C2A8B8B9B00B18E44 /* FirebaseAuth in Frameworks */,
				B9F2B1742A8B8B9B00B18E44 /* FirebaseFirestore in Frameworks */,
				B9F2B1762A8B8B9B00B18E44 /* FirebaseFirestoreCombine-Community in Frameworks */,
				B9F2B1802A8B8B9B00B18E44 /* FirebaseInAppMessagingSwift-Beta in Frameworks */,
				B9F2B1862A8B8B9B00B18E44 /* FirebaseMessaging in Frameworks */,
				B9F2B1782A8B8B9B00B18E44 /* FirebaseFirestoreSwift in Frameworks */,
				B9F2B1842A8B8B9B00B18E44 /* FirebaseMLModelDownloader in Frameworks */,
				B91FFEF82A8D3D3C005C15EF /* Kingfisher in Frameworks */,
				DC805A82EF0A7B4966DA50B1 /* Pods_WatchWise.framework in Frameworks */,
			);
			runOnlyForDeploymentPostprocessing = 0;
		};
		B9F2B1432A8B867F00B18E44 /* Frameworks */ = {
			isa = PBXFrameworksBuildPhase;
			buildActionMask = 2147483647;
			files = (
				997BEC852738F815AD416AB6 /* Pods_WatchWiseTests.framework in Frameworks */,
			);
			runOnlyForDeploymentPostprocessing = 0;
		};
		B9F2B14D2A8B867F00B18E44 /* Frameworks */ = {
			isa = PBXFrameworksBuildPhase;
			buildActionMask = 2147483647;
			files = (
				35FB878C4910785280653742 /* Pods_WatchWise_WatchWiseUITests.framework in Frameworks */,
			);
			runOnlyForDeploymentPostprocessing = 0;
		};
/* End PBXFrameworksBuildPhase section */

/* Begin PBXGroup section */
		08C9855FC110C7B5387526BE /* Pods */ = {
			isa = PBXGroup;
			children = (
				4C6F31A77B1FD0BA2BE26426 /* Pods-WatchWise.debug.xcconfig */,
				1198DFA3BFF0229B15EDD988 /* Pods-WatchWise.release.xcconfig */,
				85DD1888EA51BD629C67FE6A /* Pods-WatchWise-WatchWiseUITests.debug.xcconfig */,
				FD1F46C49F246AD6B821A1BA /* Pods-WatchWise-WatchWiseUITests.release.xcconfig */,
				ADE556216E1FB05C5D171D8B /* Pods-WatchWiseTests.debug.xcconfig */,
				8093A0428160055D22BAB237 /* Pods-WatchWiseTests.release.xcconfig */,
			);
			path = Pods;
			sourceTree = "<group>";
		};
		4031569D087B667F0280A2E7 /* Frameworks */ = {
			isa = PBXGroup;
			children = (
				57795A70F06874F1753D612E /* Pods_WatchWise.framework */,
				BF2CD3A0E4816C811EA020C5 /* Pods_WatchWise_WatchWiseUITests.framework */,
				EDCD4E15E36954A81010F71A /* Pods_WatchWiseTests.framework */,
			);
			name = Frameworks;
			sourceTree = "<group>";
		};
		B91FFEF32A8D3BD9005C15EF /* Home */ = {
			isa = PBXGroup;
			children = (
				B92212572A90B56C00AFFB9C /* HomeNavigationView.swift */,
				B91FFEF42A8D3BEA005C15EF /* HomeView.swift */,
				B92212592A90B57E00AFFB9C /* FeedView.swift */,
				B922125B2A90B59000AFFB9C /* SearchView.swift */,
				B922125D2A90B59D00AFFB9C /* EpisodesView.swift */,
				B92212612A90B5C000AFFB9C /* ProfileView.swift */,
			);
			path = Home;
			sourceTree = "<group>";
		};
		B92212632A90D79100AFFB9C /* Api */ = {
			isa = PBXGroup;
			children = (
				B92212642A90E01300AFFB9C /* APIConstants.swift */,
				B92212662A90E04A00AFFB9C /* APIRouter.swift */,
				B92212682A90E15400AFFB9C /* APIService.swift */,
				B922126D2A90E68A00AFFB9C /* APIManager.swift */,
			);
			path = Api;
			sourceTree = "<group>";
		};
		B922126A2A90E1EB00AFFB9C /* Model */ = {
			isa = PBXGroup;
			children = (
				B922126B2A90E20300AFFB9C /* Movie.swift */,
				B922126F2A90FBC400AFFB9C /* DiscoverMoviesResponse.swift */,
			);
			path = Model;
			sourceTree = "<group>";
		};
		B92212712A910E3000AFFB9C /* Details */ = {
			isa = PBXGroup;
			children = (
				B92212722A910E4700AFFB9C /* MovieDetailsView.swift */,
			);
			path = Details;
			sourceTree = "<group>";
		};
		B936CA732A929D33001F4908 /* Utils */ = {
			isa = PBXGroup;
			children = (
				B936CA742A929D44001F4908 /* AuthManager.swift */,
			);
			path = Utils;
			sourceTree = "<group>";
		};
		B98DE98C2A8BCFB70076F379 /* Views */ = {
			isa = PBXGroup;
			children = (
				B9AAAE232A9220F900226A35 /* Components */,
				B92212712A910E3000AFFB9C /* Details */,
				B91FFEF32A8D3BD9005C15EF /* Home */,
				B98DE98D2A8BCFC40076F379 /* Auth */,
				B936CA762A929F77001F4908 /* SplashScreen.swift */,
			);
			path = Views;
			sourceTree = "<group>";
		};
		B98DE98D2A8BCFC40076F379 /* Auth */ = {
			isa = PBXGroup;
			children = (
				B98DE98F2A8BCFFD0076F379 /* LoginView.swift */,
				B9AAAE282A92234400226A35 /* EmailRegistrationView.swift */,
				B936CA712A927A62001F4908 /* CompleteRegistrationView.swift */,
				B973F5102A936D8A00AB7DC8 /* AuthenticatedView.swift */,
				B973F5122A936DC700AB7DC8 /* AuthenticationView.swift */,
			);
			path = Auth;
			sourceTree = "<group>";
		};
		B98DE98E2A8BCFD20076F379 /* Services */ = {
			isa = PBXGroup;
			children = (
				B936CA732A929D33001F4908 /* Utils */,
				B92212632A90D79100AFFB9C /* Api */,
			);
			path = Services;
			sourceTree = "<group>";
		};
		B9AAAE232A9220F900226A35 /* Components */ = {
			isa = PBXGroup;
			children = (
				B9AAAE242A92211200226A35 /* ToggleableSecureField.swift */,
				B9AAAE262A92214E00226A35 /* ClearableTextField.swift */,
			);
			path = Components;
			sourceTree = "<group>";
		};
		B9F2B12B2A8B867A00B18E44 = {
			isa = PBXGroup;
			children = (
				B9F2B1362A8B867A00B18E44 /* WatchWise */,
				B9F2B1492A8B867F00B18E44 /* WatchWiseTests */,
				B9F2B1532A8B867F00B18E44 /* WatchWiseUITests */,
				B9F2B1352A8B867A00B18E44 /* Products */,
				08C9855FC110C7B5387526BE /* Pods */,
				4031569D087B667F0280A2E7 /* Frameworks */,
			);
			sourceTree = "<group>";
		};
		B9F2B1352A8B867A00B18E44 /* Products */ = {
			isa = PBXGroup;
			children = (
				B9F2B1342A8B867A00B18E44 /* WatchWise.app */,
				B9F2B1462A8B867F00B18E44 /* WatchWiseTests.xctest */,
				B9F2B1502A8B867F00B18E44 /* WatchWiseUITests.xctest */,
			);
			name = Products;
			sourceTree = "<group>";
		};
		B9F2B1362A8B867A00B18E44 /* WatchWise */ = {
			isa = PBXGroup;
			children = (
				B922126A2A90E1EB00AFFB9C /* Model */,
				B98DE98E2A8BCFD20076F379 /* Services */,
				B98DE98C2A8BCFB70076F379 /* Views */,
				B9F2B1632A8B86BD00B18E44 /* GoogleService-Info.plist */,
				B9F2B1372A8B867A00B18E44 /* WatchWiseApp.swift */,
				B9F2B13B2A8B867F00B18E44 /* Assets.xcassets */,
				B9F2B13D2A8B867F00B18E44 /* Preview Content */,
			);
			path = WatchWise;
			sourceTree = "<group>";
		};
		B9F2B13D2A8B867F00B18E44 /* Preview Content */ = {
			isa = PBXGroup;
			children = (
				B9F2B13E2A8B867F00B18E44 /* Preview Assets.xcassets */,
			);
			path = "Preview Content";
			sourceTree = "<group>";
		};
		B9F2B1492A8B867F00B18E44 /* WatchWiseTests */ = {
			isa = PBXGroup;
			children = (
				B9F2B14A2A8B867F00B18E44 /* WatchWiseTests.swift */,
			);
			path = WatchWiseTests;
			sourceTree = "<group>";
		};
		B9F2B1532A8B867F00B18E44 /* WatchWiseUITests */ = {
			isa = PBXGroup;
			children = (
				B9F2B1542A8B867F00B18E44 /* WatchWiseUITests.swift */,
				B9F2B1562A8B867F00B18E44 /* WatchWiseUITestsLaunchTests.swift */,
			);
			path = WatchWiseUITests;
			sourceTree = "<group>";
		};
/* End PBXGroup section */

/* Begin PBXNativeTarget section */
		B9F2B1332A8B867A00B18E44 /* WatchWise */ = {
			isa = PBXNativeTarget;
			buildConfigurationList = B9F2B15A2A8B867F00B18E44 /* Build configuration list for PBXNativeTarget "WatchWise" */;
			buildPhases = (
				545549CF3DB7144CDFFE9DAE /* [CP] Check Pods Manifest.lock */,
				B9F2B1302A8B867A00B18E44 /* Sources */,
				B9F2B1312A8B867A00B18E44 /* Frameworks */,
				B9F2B1322A8B867A00B18E44 /* Resources */,
				7A322766C19174884826936B /* [CP] Embed Pods Frameworks */,
			);
			buildRules = (
			);
			dependencies = (
			);
			name = WatchWise;
			packageProductDependencies = (
				B9F2B1692A8B8B9B00B18E44 /* FirebaseAnalytics */,
				B9F2B16B2A8B8B9B00B18E44 /* FirebaseAuth */,
				B9F2B16D2A8B8B9B00B18E44 /* FirebaseCrashlytics */,
				B9F2B16F2A8B8B9B00B18E44 /* FirebaseDatabase */,
				B9F2B1712A8B8B9B00B18E44 /* FirebaseDatabaseSwift */,
				B9F2B1732A8B8B9B00B18E44 /* FirebaseFirestore */,
				B9F2B1752A8B8B9B00B18E44 /* FirebaseFirestoreCombine-Community */,
				B9F2B1772A8B8B9B00B18E44 /* FirebaseFirestoreSwift */,
				B9F2B1792A8B8B9B00B18E44 /* FirebaseFunctions */,
				B9F2B17B2A8B8B9B00B18E44 /* FirebaseFunctionsCombine-Community */,
				B9F2B17D2A8B8B9B00B18E44 /* FirebaseInAppMessaging-Beta */,
				B9F2B17F2A8B8B9B00B18E44 /* FirebaseInAppMessagingSwift-Beta */,
				B9F2B1812A8B8B9B00B18E44 /* FirebaseInstallations */,
				B9F2B1832A8B8B9B00B18E44 /* FirebaseMLModelDownloader */,
				B9F2B1852A8B8B9B00B18E44 /* FirebaseMessaging */,
				B9F2B1872A8B8B9B00B18E44 /* FirebaseStorage */,
				B9F2B1892A8B8B9B00B18E44 /* FirebaseStorageCombine-Community */,
				B91FFEF72A8D3D3C005C15EF /* Kingfisher */,
			);
			productName = WatchWise;
			productReference = B9F2B1342A8B867A00B18E44 /* WatchWise.app */;
			productType = "com.apple.product-type.application";
		};
		B9F2B1452A8B867F00B18E44 /* WatchWiseTests */ = {
			isa = PBXNativeTarget;
			buildConfigurationList = B9F2B15D2A8B867F00B18E44 /* Build configuration list for PBXNativeTarget "WatchWiseTests" */;
			buildPhases = (
				18C3FBC6FFD03B2FA7B110FA /* [CP] Check Pods Manifest.lock */,
				B9F2B1422A8B867F00B18E44 /* Sources */,
				B9F2B1432A8B867F00B18E44 /* Frameworks */,
				B9F2B1442A8B867F00B18E44 /* Resources */,
			);
			buildRules = (
			);
			dependencies = (
				B9F2B1482A8B867F00B18E44 /* PBXTargetDependency */,
			);
			name = WatchWiseTests;
			productName = WatchWiseTests;
			productReference = B9F2B1462A8B867F00B18E44 /* WatchWiseTests.xctest */;
			productType = "com.apple.product-type.bundle.unit-test";
		};
		B9F2B14F2A8B867F00B18E44 /* WatchWiseUITests */ = {
			isa = PBXNativeTarget;
			buildConfigurationList = B9F2B1602A8B867F00B18E44 /* Build configuration list for PBXNativeTarget "WatchWiseUITests" */;
			buildPhases = (
				43983512A09C865B8D0DD615 /* [CP] Check Pods Manifest.lock */,
				B9F2B14C2A8B867F00B18E44 /* Sources */,
				B9F2B14D2A8B867F00B18E44 /* Frameworks */,
				B9F2B14E2A8B867F00B18E44 /* Resources */,
				4CF0F2B3EA9F7AC1E7FC86EC /* [CP] Embed Pods Frameworks */,
			);
			buildRules = (
			);
			dependencies = (
				B9F2B1522A8B867F00B18E44 /* PBXTargetDependency */,
			);
			name = WatchWiseUITests;
			productName = WatchWiseUITests;
			productReference = B9F2B1502A8B867F00B18E44 /* WatchWiseUITests.xctest */;
			productType = "com.apple.product-type.bundle.ui-testing";
		};
/* End PBXNativeTarget section */

/* Begin PBXProject section */
		B9F2B12C2A8B867A00B18E44 /* Project object */ = {
			isa = PBXProject;
			attributes = {
				BuildIndependentTargetsInParallel = 1;
				LastSwiftUpdateCheck = 1500;
				LastUpgradeCheck = 1500;
				TargetAttributes = {
					B9F2B1332A8B867A00B18E44 = {
						CreatedOnToolsVersion = 15.0;
					};
					B9F2B1452A8B867F00B18E44 = {
						CreatedOnToolsVersion = 15.0;
						TestTargetID = B9F2B1332A8B867A00B18E44;
					};
					B9F2B14F2A8B867F00B18E44 = {
						CreatedOnToolsVersion = 15.0;
						TestTargetID = B9F2B1332A8B867A00B18E44;
					};
				};
			};
			buildConfigurationList = B9F2B12F2A8B867A00B18E44 /* Build configuration list for PBXProject "WatchWise" */;
			compatibilityVersion = "Xcode 14.0";
			developmentRegion = en;
			hasScannedForEncodings = 0;
			knownRegions = (
				en,
				Base,
			);
			mainGroup = B9F2B12B2A8B867A00B18E44;
			packageReferences = (
				B9F2B1672A8B8AD000B18E44 /* XCRemoteSwiftPackageReference "firebase-ios-sdk" */,
				B9F2B1682A8B8B9B00B18E44 /* XCRemoteSwiftPackageReference "firebase-ios-sdk" */,
				B91FFEF62A8D3D3C005C15EF /* XCRemoteSwiftPackageReference "Kingfisher" */,
			);
			productRefGroup = B9F2B1352A8B867A00B18E44 /* Products */;
			projectDirPath = "";
			projectRoot = "";
			targets = (
				B9F2B1332A8B867A00B18E44 /* WatchWise */,
				B9F2B1452A8B867F00B18E44 /* WatchWiseTests */,
				B9F2B14F2A8B867F00B18E44 /* WatchWiseUITests */,
			);
		};
/* End PBXProject section */

/* Begin PBXResourcesBuildPhase section */
		B9F2B1322A8B867A00B18E44 /* Resources */ = {
			isa = PBXResourcesBuildPhase;
			buildActionMask = 2147483647;
			files = (
				B9F2B13F2A8B867F00B18E44 /* Preview Assets.xcassets in Resources */,
				B9F2B13C2A8B867F00B18E44 /* Assets.xcassets in Resources */,
				B9F2B1642A8B86BD00B18E44 /* GoogleService-Info.plist in Resources */,
			);
			runOnlyForDeploymentPostprocessing = 0;
		};
		B9F2B1442A8B867F00B18E44 /* Resources */ = {
			isa = PBXResourcesBuildPhase;
			buildActionMask = 2147483647;
			files = (
				B9F2B1652A8B86BD00B18E44 /* GoogleService-Info.plist in Resources */,
			);
			runOnlyForDeploymentPostprocessing = 0;
		};
		B9F2B14E2A8B867F00B18E44 /* Resources */ = {
			isa = PBXResourcesBuildPhase;
			buildActionMask = 2147483647;
			files = (
				B9F2B1662A8B86BD00B18E44 /* GoogleService-Info.plist in Resources */,
			);
			runOnlyForDeploymentPostprocessing = 0;
		};
/* End PBXResourcesBuildPhase section */

/* Begin PBXShellScriptBuildPhase section */
		18C3FBC6FFD03B2FA7B110FA /* [CP] Check Pods Manifest.lock */ = {
			isa = PBXShellScriptBuildPhase;
			buildActionMask = 2147483647;
			files = (
			);
			inputFileListPaths = (
			);
			inputPaths = (
				"${PODS_PODFILE_DIR_PATH}/Podfile.lock",
				"${PODS_ROOT}/Manifest.lock",
			);
			name = "[CP] Check Pods Manifest.lock";
			outputFileListPaths = (
			);
			outputPaths = (
				"$(DERIVED_FILE_DIR)/Pods-WatchWiseTests-checkManifestLockResult.txt",
			);
			runOnlyForDeploymentPostprocessing = 0;
			shellPath = /bin/sh;
			shellScript = "diff \"${PODS_PODFILE_DIR_PATH}/Podfile.lock\" \"${PODS_ROOT}/Manifest.lock\" > /dev/null\nif [ $? != 0 ] ; then\n    # print error to STDERR\n    echo \"error: The sandbox is not in sync with the Podfile.lock. Run 'pod install' or update your CocoaPods installation.\" >&2\n    exit 1\nfi\n# This output is used by Xcode 'outputs' to avoid re-running this script phase.\necho \"SUCCESS\" > \"${SCRIPT_OUTPUT_FILE_0}\"\n";
			showEnvVarsInLog = 0;
		};
		43983512A09C865B8D0DD615 /* [CP] Check Pods Manifest.lock */ = {
			isa = PBXShellScriptBuildPhase;
			buildActionMask = 2147483647;
			files = (
			);
			inputFileListPaths = (
			);
			inputPaths = (
				"${PODS_PODFILE_DIR_PATH}/Podfile.lock",
				"${PODS_ROOT}/Manifest.lock",
			);
			name = "[CP] Check Pods Manifest.lock";
			outputFileListPaths = (
			);
			outputPaths = (
				"$(DERIVED_FILE_DIR)/Pods-WatchWise-WatchWiseUITests-checkManifestLockResult.txt",
			);
			runOnlyForDeploymentPostprocessing = 0;
			shellPath = /bin/sh;
			shellScript = "diff \"${PODS_PODFILE_DIR_PATH}/Podfile.lock\" \"${PODS_ROOT}/Manifest.lock\" > /dev/null\nif [ $? != 0 ] ; then\n    # print error to STDERR\n    echo \"error: The sandbox is not in sync with the Podfile.lock. Run 'pod install' or update your CocoaPods installation.\" >&2\n    exit 1\nfi\n# This output is used by Xcode 'outputs' to avoid re-running this script phase.\necho \"SUCCESS\" > \"${SCRIPT_OUTPUT_FILE_0}\"\n";
			showEnvVarsInLog = 0;
		};
		4CF0F2B3EA9F7AC1E7FC86EC /* [CP] Embed Pods Frameworks */ = {
			isa = PBXShellScriptBuildPhase;
			buildActionMask = 2147483647;
			files = (
			);
			inputFileListPaths = (
				"${PODS_ROOT}/Target Support Files/Pods-WatchWise-WatchWiseUITests/Pods-WatchWise-WatchWiseUITests-frameworks-${CONFIGURATION}-input-files.xcfilelist",
			);
			name = "[CP] Embed Pods Frameworks";
			outputFileListPaths = (
				"${PODS_ROOT}/Target Support Files/Pods-WatchWise-WatchWiseUITests/Pods-WatchWise-WatchWiseUITests-frameworks-${CONFIGURATION}-output-files.xcfilelist",
			);
			runOnlyForDeploymentPostprocessing = 0;
			shellPath = /bin/sh;
			shellScript = "\"${PODS_ROOT}/Target Support Files/Pods-WatchWise-WatchWiseUITests/Pods-WatchWise-WatchWiseUITests-frameworks.sh\"\n";
			showEnvVarsInLog = 0;
		};
		545549CF3DB7144CDFFE9DAE /* [CP] Check Pods Manifest.lock */ = {
			isa = PBXShellScriptBuildPhase;
			buildActionMask = 2147483647;
			files = (
			);
			inputFileListPaths = (
			);
			inputPaths = (
				"${PODS_PODFILE_DIR_PATH}/Podfile.lock",
				"${PODS_ROOT}/Manifest.lock",
			);
			name = "[CP] Check Pods Manifest.lock";
			outputFileListPaths = (
			);
			outputPaths = (
				"$(DERIVED_FILE_DIR)/Pods-WatchWise-checkManifestLockResult.txt",
			);
			runOnlyForDeploymentPostprocessing = 0;
			shellPath = /bin/sh;
			shellScript = "diff \"${PODS_PODFILE_DIR_PATH}/Podfile.lock\" \"${PODS_ROOT}/Manifest.lock\" > /dev/null\nif [ $? != 0 ] ; then\n    # print error to STDERR\n    echo \"error: The sandbox is not in sync with the Podfile.lock. Run 'pod install' or update your CocoaPods installation.\" >&2\n    exit 1\nfi\n# This output is used by Xcode 'outputs' to avoid re-running this script phase.\necho \"SUCCESS\" > \"${SCRIPT_OUTPUT_FILE_0}\"\n";
			showEnvVarsInLog = 0;
		};
		7A322766C19174884826936B /* [CP] Embed Pods Frameworks */ = {
			isa = PBXShellScriptBuildPhase;
			buildActionMask = 2147483647;
			files = (
			);
			inputFileListPaths = (
				"${PODS_ROOT}/Target Support Files/Pods-WatchWise/Pods-WatchWise-frameworks-${CONFIGURATION}-input-files.xcfilelist",
			);
			name = "[CP] Embed Pods Frameworks";
			outputFileListPaths = (
				"${PODS_ROOT}/Target Support Files/Pods-WatchWise/Pods-WatchWise-frameworks-${CONFIGURATION}-output-files.xcfilelist",
			);
			runOnlyForDeploymentPostprocessing = 0;
			shellPath = /bin/sh;
			shellScript = "\"${PODS_ROOT}/Target Support Files/Pods-WatchWise/Pods-WatchWise-frameworks.sh\"\n";
			showEnvVarsInLog = 0;
		};
/* End PBXShellScriptBuildPhase section */

/* Begin PBXSourcesBuildPhase section */
		B9F2B1302A8B867A00B18E44 /* Sources */ = {
			isa = PBXSourcesBuildPhase;
			buildActionMask = 2147483647;
			files = (
				B92212622A90B5C000AFFB9C /* ProfileView.swift in Sources */,
				B92212672A90E04A00AFFB9C /* APIRouter.swift in Sources */,
				B922126C2A90E20300AFFB9C /* Movie.swift in Sources */,
				B922125A2A90B57E00AFFB9C /* FeedView.swift in Sources */,
				B9AAAE292A92234400226A35 /* EmailRegistrationView.swift in Sources */,
				B92212702A90FBC400AFFB9C /* DiscoverMoviesResponse.swift in Sources */,
				B98DE9902A8BCFFD0076F379 /* LoginView.swift in Sources */,
				B936CA722A927A62001F4908 /* CompleteRegistrationView.swift in Sources */,
				B92212692A90E15400AFFB9C /* APIService.swift in Sources */,
				B936CA772A929F77001F4908 /* SplashScreen.swift in Sources */,
				B9AAAE272A92214E00226A35 /* ClearableTextField.swift in Sources */,
				B936CA752A929D44001F4908 /* AuthManager.swift in Sources */,
				B9AAAE252A92211200226A35 /* ToggleableSecureField.swift in Sources */,
				B91FFEF52A8D3BEA005C15EF /* HomeView.swift in Sources */,
				B9F2B1382A8B867A00B18E44 /* WatchWiseApp.swift in Sources */,
				B92212732A910E4700AFFB9C /* MovieDetailsView.swift in Sources */,
				B973F5112A936D8B00AB7DC8 /* AuthenticatedView.swift in Sources */,
				B92212652A90E01300AFFB9C /* APIConstants.swift in Sources */,
				B973F5132A936DC700AB7DC8 /* AuthenticationView.swift in Sources */,
				B922125C2A90B59000AFFB9C /* SearchView.swift in Sources */,
				B922126E2A90E68A00AFFB9C /* APIManager.swift in Sources */,
				B92212582A90B56C00AFFB9C /* HomeNavigationView.swift in Sources */,
				B922125E2A90B59D00AFFB9C /* EpisodesView.swift in Sources */,
			);
			runOnlyForDeploymentPostprocessing = 0;
		};
		B9F2B1422A8B867F00B18E44 /* Sources */ = {
			isa = PBXSourcesBuildPhase;
			buildActionMask = 2147483647;
			files = (
				B9F2B14B2A8B867F00B18E44 /* WatchWiseTests.swift in Sources */,
			);
			runOnlyForDeploymentPostprocessing = 0;
		};
		B9F2B14C2A8B867F00B18E44 /* Sources */ = {
			isa = PBXSourcesBuildPhase;
			buildActionMask = 2147483647;
			files = (
				B9F2B1572A8B867F00B18E44 /* WatchWiseUITestsLaunchTests.swift in Sources */,
				B9F2B1552A8B867F00B18E44 /* WatchWiseUITests.swift in Sources */,
			);
			runOnlyForDeploymentPostprocessing = 0;
		};
/* End PBXSourcesBuildPhase section */

/* Begin PBXTargetDependency section */
		B9F2B1482A8B867F00B18E44 /* PBXTargetDependency */ = {
			isa = PBXTargetDependency;
			target = B9F2B1332A8B867A00B18E44 /* WatchWise */;
			targetProxy = B9F2B1472A8B867F00B18E44 /* PBXContainerItemProxy */;
		};
		B9F2B1522A8B867F00B18E44 /* PBXTargetDependency */ = {
			isa = PBXTargetDependency;
			target = B9F2B1332A8B867A00B18E44 /* WatchWise */;
			targetProxy = B9F2B1512A8B867F00B18E44 /* PBXContainerItemProxy */;
		};
/* End PBXTargetDependency section */

/* Begin XCBuildConfiguration section */
		B9F2B1582A8B867F00B18E44 /* Debug */ = {
			isa = XCBuildConfiguration;
			buildSettings = {
				ALWAYS_SEARCH_USER_PATHS = NO;
				ASSETCATALOG_COMPILER_GENERATE_SWIFT_ASSET_SYMBOL_EXTENSIONS = YES;
				CLANG_ANALYZER_NONNULL = YES;
				CLANG_ANALYZER_NUMBER_OBJECT_CONVERSION = YES_AGGRESSIVE;
				CLANG_CXX_LANGUAGE_STANDARD = "gnu++20";
				CLANG_ENABLE_MODULES = YES;
				CLANG_ENABLE_OBJC_ARC = YES;
				CLANG_ENABLE_OBJC_WEAK = YES;
				CLANG_WARN_BLOCK_CAPTURE_AUTORELEASING = YES;
				CLANG_WARN_BOOL_CONVERSION = YES;
				CLANG_WARN_COMMA = YES;
				CLANG_WARN_CONSTANT_CONVERSION = YES;
				CLANG_WARN_DEPRECATED_OBJC_IMPLEMENTATIONS = YES;
				CLANG_WARN_DIRECT_OBJC_ISA_USAGE = YES_ERROR;
				CLANG_WARN_DOCUMENTATION_COMMENTS = YES;
				CLANG_WARN_EMPTY_BODY = YES;
				CLANG_WARN_ENUM_CONVERSION = YES;
				CLANG_WARN_INFINITE_RECURSION = YES;
				CLANG_WARN_INT_CONVERSION = YES;
				CLANG_WARN_NON_LITERAL_NULL_CONVERSION = YES;
				CLANG_WARN_OBJC_IMPLICIT_RETAIN_SELF = YES;
				CLANG_WARN_OBJC_LITERAL_CONVERSION = YES;
				CLANG_WARN_OBJC_ROOT_CLASS = YES_ERROR;
				CLANG_WARN_QUOTED_INCLUDE_IN_FRAMEWORK_HEADER = YES;
				CLANG_WARN_RANGE_LOOP_ANALYSIS = YES;
				CLANG_WARN_STRICT_PROTOTYPES = YES;
				CLANG_WARN_SUSPICIOUS_MOVE = YES;
				CLANG_WARN_UNGUARDED_AVAILABILITY = YES_AGGRESSIVE;
				CLANG_WARN_UNREACHABLE_CODE = YES;
				CLANG_WARN__DUPLICATE_METHOD_MATCH = YES;
				COPY_PHASE_STRIP = NO;
				DEBUG_INFORMATION_FORMAT = dwarf;
				ENABLE_STRICT_OBJC_MSGSEND = YES;
				ENABLE_TESTABILITY = YES;
				ENABLE_USER_SCRIPT_SANDBOXING = NO;
				GCC_C_LANGUAGE_STANDARD = gnu17;
				GCC_DYNAMIC_NO_PIC = NO;
				GCC_NO_COMMON_BLOCKS = YES;
				GCC_OPTIMIZATION_LEVEL = 0;
				GCC_PREPROCESSOR_DEFINITIONS = (
					"DEBUG=1",
					"$(inherited)",
				);
				GCC_WARN_64_TO_32_BIT_CONVERSION = YES;
				GCC_WARN_ABOUT_RETURN_TYPE = YES_ERROR;
				GCC_WARN_UNDECLARED_SELECTOR = YES;
				GCC_WARN_UNINITIALIZED_AUTOS = YES_AGGRESSIVE;
				GCC_WARN_UNUSED_FUNCTION = YES;
				GCC_WARN_UNUSED_VARIABLE = YES;
				IPHONEOS_DEPLOYMENT_TARGET = 16.0;
				LOCALIZATION_PREFERS_STRING_CATALOGS = YES;
				MTL_ENABLE_DEBUG_INFO = INCLUDE_SOURCE;
				MTL_FAST_MATH = YES;
				ONLY_ACTIVE_ARCH = YES;
				SDKROOT = iphoneos;
				SWIFT_ACTIVE_COMPILATION_CONDITIONS = "DEBUG $(inherited)";
				SWIFT_OPTIMIZATION_LEVEL = "-Onone";
			};
			name = Debug;
		};
		B9F2B1592A8B867F00B18E44 /* Release */ = {
			isa = XCBuildConfiguration;
			buildSettings = {
				ALWAYS_SEARCH_USER_PATHS = NO;
				ASSETCATALOG_COMPILER_GENERATE_SWIFT_ASSET_SYMBOL_EXTENSIONS = YES;
				CLANG_ANALYZER_NONNULL = YES;
				CLANG_ANALYZER_NUMBER_OBJECT_CONVERSION = YES_AGGRESSIVE;
				CLANG_CXX_LANGUAGE_STANDARD = "gnu++20";
				CLANG_ENABLE_MODULES = YES;
				CLANG_ENABLE_OBJC_ARC = YES;
				CLANG_ENABLE_OBJC_WEAK = YES;
				CLANG_WARN_BLOCK_CAPTURE_AUTORELEASING = YES;
				CLANG_WARN_BOOL_CONVERSION = YES;
				CLANG_WARN_COMMA = YES;
				CLANG_WARN_CONSTANT_CONVERSION = YES;
				CLANG_WARN_DEPRECATED_OBJC_IMPLEMENTATIONS = YES;
				CLANG_WARN_DIRECT_OBJC_ISA_USAGE = YES_ERROR;
				CLANG_WARN_DOCUMENTATION_COMMENTS = YES;
				CLANG_WARN_EMPTY_BODY = YES;
				CLANG_WARN_ENUM_CONVERSION = YES;
				CLANG_WARN_INFINITE_RECURSION = YES;
				CLANG_WARN_INT_CONVERSION = YES;
				CLANG_WARN_NON_LITERAL_NULL_CONVERSION = YES;
				CLANG_WARN_OBJC_IMPLICIT_RETAIN_SELF = YES;
				CLANG_WARN_OBJC_LITERAL_CONVERSION = YES;
				CLANG_WARN_OBJC_ROOT_CLASS = YES_ERROR;
				CLANG_WARN_QUOTED_INCLUDE_IN_FRAMEWORK_HEADER = YES;
				CLANG_WARN_RANGE_LOOP_ANALYSIS = YES;
				CLANG_WARN_STRICT_PROTOTYPES = YES;
				CLANG_WARN_SUSPICIOUS_MOVE = YES;
				CLANG_WARN_UNGUARDED_AVAILABILITY = YES_AGGRESSIVE;
				CLANG_WARN_UNREACHABLE_CODE = YES;
				CLANG_WARN__DUPLICATE_METHOD_MATCH = YES;
				COPY_PHASE_STRIP = NO;
				DEBUG_INFORMATION_FORMAT = "dwarf-with-dsym";
				ENABLE_NS_ASSERTIONS = NO;
				ENABLE_STRICT_OBJC_MSGSEND = YES;
				ENABLE_USER_SCRIPT_SANDBOXING = NO;
				GCC_C_LANGUAGE_STANDARD = gnu17;
				GCC_NO_COMMON_BLOCKS = YES;
				GCC_WARN_64_TO_32_BIT_CONVERSION = YES;
				GCC_WARN_ABOUT_RETURN_TYPE = YES_ERROR;
				GCC_WARN_UNDECLARED_SELECTOR = YES;
				GCC_WARN_UNINITIALIZED_AUTOS = YES_AGGRESSIVE;
				GCC_WARN_UNUSED_FUNCTION = YES;
				GCC_WARN_UNUSED_VARIABLE = YES;
				IPHONEOS_DEPLOYMENT_TARGET = 16.0;
				LOCALIZATION_PREFERS_STRING_CATALOGS = YES;
				MTL_ENABLE_DEBUG_INFO = NO;
				MTL_FAST_MATH = YES;
				SDKROOT = iphoneos;
				SWIFT_COMPILATION_MODE = wholemodule;
				VALIDATE_PRODUCT = YES;
			};
			name = Release;
		};
		B9F2B15B2A8B867F00B18E44 /* Debug */ = {
			isa = XCBuildConfiguration;
			baseConfigurationReference = 4C6F31A77B1FD0BA2BE26426 /* Pods-WatchWise.debug.xcconfig */;
			buildSettings = {
				ASSETCATALOG_COMPILER_APPICON_NAME = AppIcon;
				ASSETCATALOG_COMPILER_GLOBAL_ACCENT_COLOR_NAME = AccentColor;
				CODE_SIGN_STYLE = Automatic;
				CURRENT_PROJECT_VERSION = 1;
				DEVELOPMENT_ASSET_PATHS = "\"WatchWise/Preview Content\"";
				DEVELOPMENT_TEAM = NKB8VF9K3L;
				ENABLE_PREVIEWS = YES;
				GENERATE_INFOPLIST_FILE = YES;
				INFOPLIST_KEY_UIApplicationSceneManifest_Generation = YES;
				INFOPLIST_KEY_UIApplicationSupportsIndirectInputEvents = YES;
				INFOPLIST_KEY_UILaunchScreen_Generation = YES;
				INFOPLIST_KEY_UISupportedInterfaceOrientations_iPad = "UIInterfaceOrientationPortrait UIInterfaceOrientationPortraitUpsideDown UIInterfaceOrientationLandscapeLeft UIInterfaceOrientationLandscapeRight";
				INFOPLIST_KEY_UISupportedInterfaceOrientations_iPhone = "UIInterfaceOrientationPortrait UIInterfaceOrientationLandscapeLeft UIInterfaceOrientationLandscapeRight";
				IPHONEOS_DEPLOYMENT_TARGET = 16.0;
				LD_RUNPATH_SEARCH_PATHS = (
					"$(inherited)",
					"@executable_path/Frameworks",
				);
				MARKETING_VERSION = 1.0;
				PRODUCT_BUNDLE_IDENTIFIER = com.nickb.WatchWise;
				PRODUCT_NAME = "$(TARGET_NAME)";
				SWIFT_EMIT_LOC_STRINGS = YES;
				SWIFT_VERSION = 5.0;
				TARGETED_DEVICE_FAMILY = "1,2";
			};
			name = Debug;
		};
		B9F2B15C2A8B867F00B18E44 /* Release */ = {
			isa = XCBuildConfiguration;
			baseConfigurationReference = 1198DFA3BFF0229B15EDD988 /* Pods-WatchWise.release.xcconfig */;
			buildSettings = {
				ASSETCATALOG_COMPILER_APPICON_NAME = AppIcon;
				ASSETCATALOG_COMPILER_GLOBAL_ACCENT_COLOR_NAME = AccentColor;
				CODE_SIGN_STYLE = Automatic;
				CURRENT_PROJECT_VERSION = 1;
				DEVELOPMENT_ASSET_PATHS = "\"WatchWise/Preview Content\"";
				DEVELOPMENT_TEAM = NKB8VF9K3L;
				ENABLE_PREVIEWS = YES;
				GENERATE_INFOPLIST_FILE = YES;
				INFOPLIST_KEY_UIApplicationSceneManifest_Generation = YES;
				INFOPLIST_KEY_UIApplicationSupportsIndirectInputEvents = YES;
				INFOPLIST_KEY_UILaunchScreen_Generation = YES;
				INFOPLIST_KEY_UISupportedInterfaceOrientations_iPad = "UIInterfaceOrientationPortrait UIInterfaceOrientationPortraitUpsideDown UIInterfaceOrientationLandscapeLeft UIInterfaceOrientationLandscapeRight";
				INFOPLIST_KEY_UISupportedInterfaceOrientations_iPhone = "UIInterfaceOrientationPortrait UIInterfaceOrientationLandscapeLeft UIInterfaceOrientationLandscapeRight";
				IPHONEOS_DEPLOYMENT_TARGET = 16.0;
				LD_RUNPATH_SEARCH_PATHS = (
					"$(inherited)",
					"@executable_path/Frameworks",
				);
				MARKETING_VERSION = 1.0;
				PRODUCT_BUNDLE_IDENTIFIER = com.nickb.WatchWise;
				PRODUCT_NAME = "$(TARGET_NAME)";
				SWIFT_EMIT_LOC_STRINGS = YES;
				SWIFT_VERSION = 5.0;
				TARGETED_DEVICE_FAMILY = "1,2";
			};
			name = Release;
		};
		B9F2B15E2A8B867F00B18E44 /* Debug */ = {
			isa = XCBuildConfiguration;
			baseConfigurationReference = ADE556216E1FB05C5D171D8B /* Pods-WatchWiseTests.debug.xcconfig */;
			buildSettings = {
				ALWAYS_EMBED_SWIFT_STANDARD_LIBRARIES = YES;
				BUNDLE_LOADER = "$(TEST_HOST)";
				CODE_SIGN_STYLE = Automatic;
				CURRENT_PROJECT_VERSION = 1;
				DEVELOPMENT_TEAM = NKB8VF9K3L;
				GENERATE_INFOPLIST_FILE = YES;
				IPHONEOS_DEPLOYMENT_TARGET = 17.0;
				MARKETING_VERSION = 1.0;
				PRODUCT_BUNDLE_IDENTIFIER = com.nickb.WatchWiseTests;
				PRODUCT_NAME = "$(TARGET_NAME)";
				SWIFT_EMIT_LOC_STRINGS = NO;
				SWIFT_VERSION = 5.0;
				TARGETED_DEVICE_FAMILY = "1,2";
				TEST_HOST = "$(BUILT_PRODUCTS_DIR)/WatchWise.app/$(BUNDLE_EXECUTABLE_FOLDER_PATH)/WatchWise";
			};
			name = Debug;
		};
		B9F2B15F2A8B867F00B18E44 /* Release */ = {
			isa = XCBuildConfiguration;
			baseConfigurationReference = 8093A0428160055D22BAB237 /* Pods-WatchWiseTests.release.xcconfig */;
			buildSettings = {
				ALWAYS_EMBED_SWIFT_STANDARD_LIBRARIES = YES;
				BUNDLE_LOADER = "$(TEST_HOST)";
				CODE_SIGN_STYLE = Automatic;
				CURRENT_PROJECT_VERSION = 1;
				DEVELOPMENT_TEAM = NKB8VF9K3L;
				GENERATE_INFOPLIST_FILE = YES;
				IPHONEOS_DEPLOYMENT_TARGET = 17.0;
				MARKETING_VERSION = 1.0;
				PRODUCT_BUNDLE_IDENTIFIER = com.nickb.WatchWiseTests;
				PRODUCT_NAME = "$(TARGET_NAME)";
				SWIFT_EMIT_LOC_STRINGS = NO;
				SWIFT_VERSION = 5.0;
				TARGETED_DEVICE_FAMILY = "1,2";
				TEST_HOST = "$(BUILT_PRODUCTS_DIR)/WatchWise.app/$(BUNDLE_EXECUTABLE_FOLDER_PATH)/WatchWise";
			};
			name = Release;
		};
		B9F2B1612A8B867F00B18E44 /* Debug */ = {
			isa = XCBuildConfiguration;
			baseConfigurationReference = 85DD1888EA51BD629C67FE6A /* Pods-WatchWise-WatchWiseUITests.debug.xcconfig */;
			buildSettings = {
				ALWAYS_EMBED_SWIFT_STANDARD_LIBRARIES = YES;
				CODE_SIGN_STYLE = Automatic;
				CURRENT_PROJECT_VERSION = 1;
				DEVELOPMENT_TEAM = NKB8VF9K3L;
				GENERATE_INFOPLIST_FILE = YES;
				MARKETING_VERSION = 1.0;
				PRODUCT_BUNDLE_IDENTIFIER = com.nickb.WatchWiseUITests;
				PRODUCT_NAME = "$(TARGET_NAME)";
				SWIFT_EMIT_LOC_STRINGS = NO;
				SWIFT_VERSION = 5.0;
				TARGETED_DEVICE_FAMILY = "1,2";
				TEST_TARGET_NAME = WatchWise;
			};
			name = Debug;
		};
		B9F2B1622A8B867F00B18E44 /* Release */ = {
			isa = XCBuildConfiguration;
			baseConfigurationReference = FD1F46C49F246AD6B821A1BA /* Pods-WatchWise-WatchWiseUITests.release.xcconfig */;
			buildSettings = {
				ALWAYS_EMBED_SWIFT_STANDARD_LIBRARIES = YES;
				CODE_SIGN_STYLE = Automatic;
				CURRENT_PROJECT_VERSION = 1;
				DEVELOPMENT_TEAM = NKB8VF9K3L;
				GENERATE_INFOPLIST_FILE = YES;
				MARKETING_VERSION = 1.0;
				PRODUCT_BUNDLE_IDENTIFIER = com.nickb.WatchWiseUITests;
				PRODUCT_NAME = "$(TARGET_NAME)";
				SWIFT_EMIT_LOC_STRINGS = NO;
				SWIFT_VERSION = 5.0;
				TARGETED_DEVICE_FAMILY = "1,2";
				TEST_TARGET_NAME = WatchWise;
			};
			name = Release;
		};
/* End XCBuildConfiguration section */

/* Begin XCConfigurationList section */
		B9F2B12F2A8B867A00B18E44 /* Build configuration list for PBXProject "WatchWise" */ = {
			isa = XCConfigurationList;
			buildConfigurations = (
				B9F2B1582A8B867F00B18E44 /* Debug */,
				B9F2B1592A8B867F00B18E44 /* Release */,
			);
			defaultConfigurationIsVisible = 0;
			defaultConfigurationName = Release;
		};
		B9F2B15A2A8B867F00B18E44 /* Build configuration list for PBXNativeTarget "WatchWise" */ = {
			isa = XCConfigurationList;
			buildConfigurations = (
				B9F2B15B2A8B867F00B18E44 /* Debug */,
				B9F2B15C2A8B867F00B18E44 /* Release */,
			);
			defaultConfigurationIsVisible = 0;
			defaultConfigurationName = Release;
		};
		B9F2B15D2A8B867F00B18E44 /* Build configuration list for PBXNativeTarget "WatchWiseTests" */ = {
			isa = XCConfigurationList;
			buildConfigurations = (
				B9F2B15E2A8B867F00B18E44 /* Debug */,
				B9F2B15F2A8B867F00B18E44 /* Release */,
			);
			defaultConfigurationIsVisible = 0;
			defaultConfigurationName = Release;
		};
		B9F2B1602A8B867F00B18E44 /* Build configuration list for PBXNativeTarget "WatchWiseUITests" */ = {
			isa = XCConfigurationList;
			buildConfigurations = (
				B9F2B1612A8B867F00B18E44 /* Debug */,
				B9F2B1622A8B867F00B18E44 /* Release */,
			);
			defaultConfigurationIsVisible = 0;
			defaultConfigurationName = Release;
		};
/* End XCConfigurationList section */

/* Begin XCRemoteSwiftPackageReference section */
		B91FFEF62A8D3D3C005C15EF /* XCRemoteSwiftPackageReference "Kingfisher" */ = {
			isa = XCRemoteSwiftPackageReference;
			repositoryURL = "https://github.com/onevcat/Kingfisher.git";
			requirement = {
				kind = upToNextMajorVersion;
				minimumVersion = 7.9.0;
			};
		};
		B9F2B1672A8B8AD000B18E44 /* XCRemoteSwiftPackageReference "firebase-ios-sdk" */ = {
			isa = XCRemoteSwiftPackageReference;
			repositoryURL = "https://github.com/firebase/firebase-ios-sdk";
			requirement = {
				kind = upToNextMajorVersion;
				minimumVersion = 10.13.0;
			};
		};
		B9F2B1682A8B8B9B00B18E44 /* XCRemoteSwiftPackageReference "firebase-ios-sdk" */ = {
			isa = XCRemoteSwiftPackageReference;
			repositoryURL = "https://github.com/firebase/firebase-ios-sdk";
			requirement = {
				kind = upToNextMajorVersion;
				minimumVersion = 10.13.0;
			};
		};
/* End XCRemoteSwiftPackageReference section */

/* Begin XCSwiftPackageProductDependency section */
		B91FFEF72A8D3D3C005C15EF /* Kingfisher */ = {
			isa = XCSwiftPackageProductDependency;
			package = B91FFEF62A8D3D3C005C15EF /* XCRemoteSwiftPackageReference "Kingfisher" */;
			productName = Kingfisher;
		};
		B9F2B1692A8B8B9B00B18E44 /* FirebaseAnalytics */ = {
			isa = XCSwiftPackageProductDependency;
			package = B9F2B1672A8B8AD000B18E44 /* XCRemoteSwiftPackageReference "firebase-ios-sdk" */;
			productName = FirebaseAnalytics;
		};
		B9F2B16B2A8B8B9B00B18E44 /* FirebaseAuth */ = {
			isa = XCSwiftPackageProductDependency;
			package = B9F2B1672A8B8AD000B18E44 /* XCRemoteSwiftPackageReference "firebase-ios-sdk" */;
			productName = FirebaseAuth;
		};
		B9F2B16D2A8B8B9B00B18E44 /* FirebaseCrashlytics */ = {
			isa = XCSwiftPackageProductDependency;
			package = B9F2B1672A8B8AD000B18E44 /* XCRemoteSwiftPackageReference "firebase-ios-sdk" */;
			productName = FirebaseCrashlytics;
		};
		B9F2B16F2A8B8B9B00B18E44 /* FirebaseDatabase */ = {
			isa = XCSwiftPackageProductDependency;
			package = B9F2B1672A8B8AD000B18E44 /* XCRemoteSwiftPackageReference "firebase-ios-sdk" */;
			productName = FirebaseDatabase;
		};
		B9F2B1712A8B8B9B00B18E44 /* FirebaseDatabaseSwift */ = {
			isa = XCSwiftPackageProductDependency;
			package = B9F2B1672A8B8AD000B18E44 /* XCRemoteSwiftPackageReference "firebase-ios-sdk" */;
			productName = FirebaseDatabaseSwift;
		};
		B9F2B1732A8B8B9B00B18E44 /* FirebaseFirestore */ = {
			isa = XCSwiftPackageProductDependency;
			package = B9F2B1672A8B8AD000B18E44 /* XCRemoteSwiftPackageReference "firebase-ios-sdk" */;
			productName = FirebaseFirestore;
		};
		B9F2B1752A8B8B9B00B18E44 /* FirebaseFirestoreCombine-Community */ = {
			isa = XCSwiftPackageProductDependency;
			package = B9F2B1672A8B8AD000B18E44 /* XCRemoteSwiftPackageReference "firebase-ios-sdk" */;
			productName = "FirebaseFirestoreCombine-Community";
		};
		B9F2B1772A8B8B9B00B18E44 /* FirebaseFirestoreSwift */ = {
			isa = XCSwiftPackageProductDependency;
			package = B9F2B1672A8B8AD000B18E44 /* XCRemoteSwiftPackageReference "firebase-ios-sdk" */;
			productName = FirebaseFirestoreSwift;
		};
		B9F2B1792A8B8B9B00B18E44 /* FirebaseFunctions */ = {
			isa = XCSwiftPackageProductDependency;
			package = B9F2B1672A8B8AD000B18E44 /* XCRemoteSwiftPackageReference "firebase-ios-sdk" */;
			productName = FirebaseFunctions;
		};
		B9F2B17B2A8B8B9B00B18E44 /* FirebaseFunctionsCombine-Community */ = {
			isa = XCSwiftPackageProductDependency;
			package = B9F2B1672A8B8AD000B18E44 /* XCRemoteSwiftPackageReference "firebase-ios-sdk" */;
			productName = "FirebaseFunctionsCombine-Community";
		};
		B9F2B17D2A8B8B9B00B18E44 /* FirebaseInAppMessaging-Beta */ = {
			isa = XCSwiftPackageProductDependency;
			package = B9F2B1672A8B8AD000B18E44 /* XCRemoteSwiftPackageReference "firebase-ios-sdk" */;
			productName = "FirebaseInAppMessaging-Beta";
		};
		B9F2B17F2A8B8B9B00B18E44 /* FirebaseInAppMessagingSwift-Beta */ = {
			isa = XCSwiftPackageProductDependency;
			package = B9F2B1672A8B8AD000B18E44 /* XCRemoteSwiftPackageReference "firebase-ios-sdk" */;
			productName = "FirebaseInAppMessagingSwift-Beta";
		};
		B9F2B1812A8B8B9B00B18E44 /* FirebaseInstallations */ = {
			isa = XCSwiftPackageProductDependency;
			package = B9F2B1672A8B8AD000B18E44 /* XCRemoteSwiftPackageReference "firebase-ios-sdk" */;
			productName = FirebaseInstallations;
		};
		B9F2B1832A8B8B9B00B18E44 /* FirebaseMLModelDownloader */ = {
			isa = XCSwiftPackageProductDependency;
			package = B9F2B1672A8B8AD000B18E44 /* XCRemoteSwiftPackageReference "firebase-ios-sdk" */;
			productName = FirebaseMLModelDownloader;
		};
		B9F2B1852A8B8B9B00B18E44 /* FirebaseMessaging */ = {
			isa = XCSwiftPackageProductDependency;
			package = B9F2B1672A8B8AD000B18E44 /* XCRemoteSwiftPackageReference "firebase-ios-sdk" */;
			productName = FirebaseMessaging;
		};
		B9F2B1872A8B8B9B00B18E44 /* FirebaseStorage */ = {
			isa = XCSwiftPackageProductDependency;
			package = B9F2B1672A8B8AD000B18E44 /* XCRemoteSwiftPackageReference "firebase-ios-sdk" */;
			productName = FirebaseStorage;
		};
		B9F2B1892A8B8B9B00B18E44 /* FirebaseStorageCombine-Community */ = {
			isa = XCSwiftPackageProductDependency;
			package = B9F2B1672A8B8AD000B18E44 /* XCRemoteSwiftPackageReference "firebase-ios-sdk" */;
			productName = "FirebaseStorageCombine-Community";
		};
/* End XCSwiftPackageProductDependency section */
	};
	rootObject = B9F2B12C2A8B867A00B18E44 /* Project object */;
}
